<Solution>
  <Project Path="src/Ahjo.Vulkan.Native/Ahjo.Vulkan.Native.csproj" />
  <Project Path="src/Ahjo.Vulkan.Utilities/Ahjo.Vulkan.Utilities.csproj" />
  <Project Path="src/Ahjo.Vulkan/Ahjo.Vulkan.csproj" />
  <Project Path="src/Ahjo.Vulkan.Vma.Native/Ahjo.Vulkan.Vma.Native.csproj" />
  <Project Path="src/Ahjo.Vulkan.Ktx.Native/Ahjo.Vulkan.Ktx.Native.csproj" />
  <Project Path="src/Ahjo.Vulkan.Slang.Native/Ahjo.Vulkan.Slang.Native.csproj" />
  <Project Path="src/Ahjo.Vulkan.Slang/Ahjo.Vulkan.Slang.csproj" />
  <Project Path="tests/Ahjo.Vulkan.Benchmarks/Ahjo.Vulkan.Benchmarks.csproj" />
  <Project Path="tests/Ahjo.Vulkan.Native.Tests/Ahjo.Vulkan.Native.Tests.csproj" />
  <Project Path="tests/Ahjo.Vulkan.Vma.Native.Tests/Ahjo.Vulkan.Vma.Native.Tests.csproj" />
  <Project Path="tests/Ahjo.Vulkan.Ktx.Native.Tests/Ahjo.Vulkan.Ktx.Native.Tests.csproj" />
  <Project Path="tests/Ahjo.Vulkan.Slang.Native.Tests/Ahjo.Vulkan.Slang.Native.Tests.csproj" />
  <Project Path="tests/Ahjo.Vulkan.Slang.Tests/Ahjo.Vulkan.Slang.Tests.csproj" />
  <Project Path="tests/Ahjo.Vulkan.Tests/Ahjo.Vulkan.Tests.csproj" />
  <Project Path="samples/AotSmoke/AotSmoke.csproj" />
  <Project Path="samples/HeadlessExport/HeadlessExport.csproj" />
  <Project Path="samples/HeadlessTriangle/HeadlessTriangle.csproj" />
  <Project Path="samples/HelloTriangle/HelloTriangle.csproj" />
  <Project Path="samples/HelloCube/HelloCube.csproj" />
  <Project Path="samples/HelloVma/HelloVma.csproj" />
  <Project Path="samples/HelloVmaWindowed/HelloVmaWindowed.csproj" />
  <Project Path="samples/HelloRayQuery/HelloRayQuery.csproj" />
</Solution>
